
Microsoft Visual Studio Solution File, Format Version 12.00
# Visual Studio Version 16
VisualStudioVersion = 16.0.33328.57
MinimumVisualStudioVersion = 10.0.40219.1
Project("{FAE04EC0-301F-11D3-BF4B-00C04F79EFBC}") = "NotificationService", "NotificationService\NotificationService.csproj", "{DC8980FC-5515-485C-A85B-258FDB40B4EE}"
EndProject
Global
	GlobalSection(SolutionConfigurationPlatforms) = preSolution
		Debug|Any CPU = Debug|Any CPU
		Release|Any CPU = Release|Any CPU
	EndGlobalSection
	GlobalSection(ProjectConfigurationPlatforms) = postSolution
		{DC8980FC-5515-485C-A85B-258FDB40B4EE}.Debug|Any CPU.ActiveCfg = Debug|Any CPU
		{DC8980FC-5515-485C-A85B-258FDB40B4EE}.Debug|Any CPU.Build.0 = Debug|Any CPU
		{DC8980FC-5515-485C-A85B-258FDB40B4EE}.Release|Any CPU.ActiveCfg = Release|Any CPU
		{DC8980FC-5515-485C-A85B-258FDB40B4EE}.Release|Any CPU.Build.0 = Release|Any CPU
	EndGlobalSection
	GlobalSection(SolutionProperties) = preSolution
		HideSolutionNode = FALSE
	EndGlobalSection
	GlobalSection(ExtensibilityGlobals) = postSolution
		SolutionGuid = {C702058A-7C9B-4EDD-A206-56EE5C0049AD}
	EndGlobalSection
EndGlobal
